
Microsoft Visual Studio Solution File, Format Version 12.00
# Visual Studio Version 17
VisualStudioVersion = 17.6.33829.357
MinimumVisualStudioVersion = 10.0.40219.1
Project("{FAE04EC0-301F-11D3-BF4B-00C04F79EFBC}") = "Session 3 Delegate", "Session 3 Delegate\Session 3 Delegate.csproj", "{A6446072-4F60-44D0-A1DB-53A4D82B9E81}"
EndProject
Global
	GlobalSection(SolutionConfigurationPlatforms) = preSolution
		Debug|Any CPU = Debug|Any CPU
		Release|Any CPU = Release|Any CPU
	EndGlobalSection
	GlobalSection(ProjectConfigurationPlatforms) = postSolution
		{A6446072-4F60-44D0-A1DB-53A4D82B9E81}.Debug|Any CPU.ActiveCfg = Debug|Any CPU
		{A6446072-4F60-44D0-A1DB-53A4D82B9E81}.Debug|Any CPU.Build.0 = Debug|Any CPU
		{A6446072-4F60-44D0-A1DB-53A4D82B9E81}.Release|Any CPU.ActiveCfg = Release|Any CPU
		{A6446072-4F60-44D0-A1DB-53A4D82B9E81}.Release|Any CPU.Build.0 = Release|Any CPU
	EndGlobalSection
	GlobalSection(SolutionProperties) = preSolution
		HideSolutionNode = FALSE
	EndGlobalSection
	GlobalSection(ExtensibilityGlobals) = postSolution
		SolutionGuid = {FF2651A1-133A-4EF3-8625-31EEE6ECF7F2}
	EndGlobalSection
EndGlobal
