
Microsoft Visual Studio Solution File, Format Version 12.00
# Visual Studio Version 17
VisualStudioVersion = 17.6.33829.357
MinimumVisualStudioVersion = 10.0.40219.1
Project("{FAE04EC0-301F-11D3-BF4B-00C04F79EFBC}") = "Event", "Event\Event.csproj", "{3FDCD4E1-8C5A-4EB0-BD7A-2815D01C67E4}"
EndProject
Global
	GlobalSection(SolutionConfigurationPlatforms) = preSolution
		Debug|Any CPU = Debug|Any CPU
		Release|Any CPU = Release|Any CPU
	EndGlobalSection
	GlobalSection(ProjectConfigurationPlatforms) = postSolution
		{3FDCD4E1-8C5A-4EB0-BD7A-2815D01C67E4}.Debug|Any CPU.ActiveCfg = Debug|Any CPU
		{3FDCD4E1-8C5A-4EB0-BD7A-2815D01C67E4}.Debug|Any CPU.Build.0 = Debug|Any CPU
		{3FDCD4E1-8C5A-4EB0-BD7A-2815D01C67E4}.Release|Any CPU.ActiveCfg = Release|Any CPU
		{3FDCD4E1-8C5A-4EB0-BD7A-2815D01C67E4}.Release|Any CPU.Build.0 = Release|Any CPU
	EndGlobalSection
	GlobalSection(SolutionProperties) = preSolution
		HideSolutionNode = FALSE
	EndGlobalSection
	GlobalSection(ExtensibilityGlobals) = postSolution
		SolutionGuid = {6900FA41-9E80-4FF4-88A7-3979E4A0D6B8}
	EndGlobalSection
EndGlobal
