
Microsoft Visual Studio Solution File, Format Version 12.00
# Visual Studio Version 17
VisualStudioVersion = 17.6.33829.357
MinimumVisualStudioVersion = 10.0.40219.1
Project("{FAE04EC0-301F-11D3-BF4B-00C04F79EFBC}") = "Session 2", "Session 2\Session 2.csproj", "{EB98277C-28E0-4E01-9650-822BDFC198B0}"
EndProject
Global
	GlobalSection(SolutionConfigurationPlatforms) = preSolution
		Debug|Any CPU = Debug|Any CPU
		Release|Any CPU = Release|Any CPU
	EndGlobalSection
	GlobalSection(ProjectConfigurationPlatforms) = postSolution
		{EB98277C-28E0-4E01-9650-822BDFC198B0}.Debug|Any CPU.ActiveCfg = Debug|Any CPU
		{EB98277C-28E0-4E01-9650-822BDFC198B0}.Debug|Any CPU.Build.0 = Debug|Any CPU
		{EB98277C-28E0-4E01-9650-822BDFC198B0}.Release|Any CPU.ActiveCfg = Release|Any CPU
		{EB98277C-28E0-4E01-9650-822BDFC198B0}.Release|Any CPU.Build.0 = Release|Any CPU
	EndGlobalSection
	GlobalSection(SolutionProperties) = preSolution
		HideSolutionNode = FALSE
	EndGlobalSection
	GlobalSection(ExtensibilityGlobals) = postSolution
		SolutionGuid = {5E50DEF0-E3BC-4F84-80F5-620983E14AC5}
	EndGlobalSection
EndGlobal
